// !$*UTF8*$!
{
	archiveVersion = 1;
	classes = {
	};
	objectVersion = 46;
	objects = {

/* Begin PBXBuildFile section */
		062468F91DB4319F00D2BC3A /* RecyclePointViewController.swift in Sources */ = {isa = PBXBuildFile; fileRef = 062468F81DB4319F00D2BC3A /* RecyclePointViewController.swift */; };
		062468FD1DB4334400D2BC3A /* photo.png in Resources */ = {isa = PBXBuildFile; fileRef = 062468FA1DB4334400D2BC3A /* photo.png */; };
		062468FE1DB4334400D2BC3A /* photo@2x.png in Resources */ = {isa = PBXBuildFile; fileRef = 062468FB1DB4334400D2BC3A /* photo@2x.png */; };
		062468FF1DB4334400D2BC3A /* photo@3x.png in Resources */ = {isa = PBXBuildFile; fileRef = 062468FC1DB4334400D2BC3A /* photo@3x.png */; };
		062469031DB4353E00D2BC3A /* logoRecyclePoint.png in Resources */ = {isa = PBXBuildFile; fileRef = 062469001DB4353E00D2BC3A /* logoRecyclePoint.png */; };
		062469041DB4353E00D2BC3A /* logoRecyclePoint@2x.png in Resources */ = {isa = PBXBuildFile; fileRef = 062469011DB4353E00D2BC3A /* logoRecyclePoint@2x.png */; };
		062469051DB4353E00D2BC3A /* logoRecyclePoint@3x.png in Resources */ = {isa = PBXBuildFile; fileRef = 062469021DB4353E00D2BC3A /* logoRecyclePoint@3x.png */; };
		0652A9FB1DC29AFB00DF38DF /* ListOfMembers.swift in Sources */ = {isa = PBXBuildFile; fileRef = 0652A9FA1DC29AFB00DF38DF /* ListOfMembers.swift */; };
		0652A9FD1DC2A23F00DF38DF /* CustomCellCleanMember.swift in Sources */ = {isa = PBXBuildFile; fileRef = 0652A9FC1DC2A23F00DF38DF /* CustomCellCleanMember.swift */; };
		06C20A911DA7B1F2004E1B7E /* CleanPlaceViewController.swift in Sources */ = {isa = PBXBuildFile; fileRef = 06C20A901DA7B1F2004E1B7E /* CleanPlaceViewController.swift */; };
		06C20AC31DAABC55004E1B7E /* cl_place1.png in Resources */ = {isa = PBXBuildFile; fileRef = 06C20AB71DAABC55004E1B7E /* cl_place1.png */; };
		06C20AC41DAABC55004E1B7E /* cl_place1@2x.png in Resources */ = {isa = PBXBuildFile; fileRef = 06C20AB81DAABC55004E1B7E /* cl_place1@2x.png */; };
		06C20AC51DAABC55004E1B7E /* cl_place1@3x.png in Resources */ = {isa = PBXBuildFile; fileRef = 06C20AB91DAABC55004E1B7E /* cl_place1@3x.png */; };
		06C20AC61DAABC55004E1B7E /* cl_place2.png in Resources */ = {isa = PBXBuildFile; fileRef = 06C20ABA1DAABC55004E1B7E /* cl_place2.png */; };
		06C20AC71DAABC55004E1B7E /* cl_place2@2x.png in Resources */ = {isa = PBXBuildFile; fileRef = 06C20ABB1DAABC55004E1B7E /* cl_place2@2x.png */; };
		06C20AC81DAABC55004E1B7E /* cl_place2@3x.png in Resources */ = {isa = PBXBuildFile; fileRef = 06C20ABC1DAABC55004E1B7E /* cl_place2@3x.png */; };
		06C20AC91DAABC55004E1B7E /* cl_place3.png in Resources */ = {isa = PBXBuildFile; fileRef = 06C20ABD1DAABC55004E1B7E /* cl_place3.png */; };
		06C20ACA1DAABC55004E1B7E /* cl_place3@2x.png in Resources */ = {isa = PBXBuildFile; fileRef = 06C20ABE1DAABC55004E1B7E /* cl_place3@2x.png */; };
		06C20ACB1DAABC55004E1B7E /* cl_place3@3x.png in Resources */ = {isa = PBXBuildFile; fileRef = 06C20ABF1DAABC55004E1B7E /* cl_place3@3x.png */; };
		06C20ACC1DAABC55004E1B7E /* photo_example.png in Resources */ = {isa = PBXBuildFile; fileRef = 06C20AC01DAABC55004E1B7E /* photo_example.png */; };
		06C20ACD1DAABC55004E1B7E /* photo_example@2x.png in Resources */ = {isa = PBXBuildFile; fileRef = 06C20AC11DAABC55004E1B7E /* photo_example@2x.png */; };
		06C20ACE1DAABC55004E1B7E /* photo_example@3x.png in Resources */ = {isa = PBXBuildFile; fileRef = 06C20AC21DAABC55004E1B7E /* photo_example@3x.png */; };
		55033E701DAD7FA000A04685 /* UsersManager.swift in Sources */ = {isa = PBXBuildFile; fileRef = 55033E6F1DAD7FA000A04685 /* UsersManager.swift */; };
		55033E721DAD82BB00A04685 /* CleaningsManager.swift in Sources */ = {isa = PBXBuildFile; fileRef = 55033E711DAD82BB00A04685 /* CleaningsManager.swift */; };
		55033E741DAD85E300A04685 /* RecyclePointsManager.swift in Sources */ = {isa = PBXBuildFile; fileRef = 55033E731DAD85E300A04685 /* RecyclePointsManager.swift */; };
		55033E761DAD867600A04685 /* NewsManager.swift in Sources */ = {isa = PBXBuildFile; fileRef = 55033E751DAD867600A04685 /* NewsManager.swift */; };
		552BF8FD1DA196D7008D5317 /* AppDelegate.swift in Sources */ = {isa = PBXBuildFile; fileRef = 552BF8FC1DA196D7008D5317 /* AppDelegate.swift */; };
		552BF9041DA196D7008D5317 /* Main.storyboard in Resources */ = {isa = PBXBuildFile; fileRef = 552BF9021DA196D7008D5317 /* Main.storyboard */; };
		552BF9061DA196D7008D5317 /* Assets.xcassets in Resources */ = {isa = PBXBuildFile; fileRef = 552BF9051DA196D7008D5317 /* Assets.xcassets */; };
		552BF9091DA196D7008D5317 /* LaunchScreen.storyboard in Resources */ = {isa = PBXBuildFile; fileRef = 552BF9071DA196D7008D5317 /* LaunchScreen.storyboard */; };
		552BF9131DA19916008D5317 /* GoogleService-Info.plist in Resources */ = {isa = PBXBuildFile; fileRef = 552BF9121DA19916008D5317 /* GoogleService-Info.plist */; };
		55F658BB1DA9238B00441EBE /* DataManager.swift in Sources */ = {isa = PBXBuildFile; fileRef = 55F658BA1DA9238B00441EBE /* DataManager.swift */; };
		7F1EC6DE1DBFD26B00235EDA /* RecyclePointMapViewController.swift in Sources */ = {isa = PBXBuildFile; fileRef = 7F1EC6DD1DBFD26B00235EDA /* RecyclePointMapViewController.swift */; };
		7F1EC6E01DBFDB8900235EDA /* RecyclePointMapCollectionViewCell.swift in Sources */ = {isa = PBXBuildFile; fileRef = 7F1EC6DF1DBFDB8900235EDA /* RecyclePointMapCollectionViewCell.swift */; };
		7F269BF81DAA72E4008BE654 /* CleaningsMapCollectionViewCell.swift in Sources */ = {isa = PBXBuildFile; fileRef = 7F269BF71DAA72E4008BE654 /* CleaningsMapCollectionViewCell.swift */; };
		7F269BFA1DAAA69F008BE654 /* CleaningsViewController.swift in Sources */ = {isa = PBXBuildFile; fileRef = 7F269BF91DAAA69F008BE654 /* CleaningsViewController.swift */; };
		7F362AFE1DB20D0A0066BBFA /* Constants.swift in Sources */ = {isa = PBXBuildFile; fileRef = 7F362AFD1DB20D0A0066BBFA /* Constants.swift */; };
		7FEA9B361DC0D0E100C90E06 /* MapsPageViewController.swift in Sources */ = {isa = PBXBuildFile; fileRef = 7FEA9B351DC0D0E100C90E06 /* MapsPageViewController.swift */; };
		7FF46FA61DC1E1C1007F62E6 /* RecycePointMapPresenter.swift in Sources */ = {isa = PBXBuildFile; fileRef = 7FF46FA51DC1E1C1007F62E6 /* RecycePointMapPresenter.swift */; };
		7FF46FA81DC1E364007F62E6 /* LocationManager.swift in Sources */ = {isa = PBXBuildFile; fileRef = 7FF46FA71DC1E364007F62E6 /* LocationManager.swift */; };
		7FF46FAA1DC2223A007F62E6 /* CleaningsMapPresenter.swift in Sources */ = {isa = PBXBuildFile; fileRef = 7FF46FA91DC2223A007F62E6 /* CleaningsMapPresenter.swift */; };
		7FFD270E1DB6662800D083F0 /* SearchResultsController.swift in Sources */ = {isa = PBXBuildFile; fileRef = 7FFD270D1DB6662800D083F0 /* SearchResultsController.swift */; };
		CE266C9C1DC10C0E00732D5B /* NewsItemViewController.swift in Sources */ = {isa = PBXBuildFile; fileRef = CE266C9B1DC10C0E00732D5B /* NewsItemViewController.swift */; };
		CE425A251DBFCF9A00F9650A /* NewsListViewController.swift in Sources */ = {isa = PBXBuildFile; fileRef = CE425A241DBFCF9A00F9650A /* NewsListViewController.swift */; };
		CE425A271DBFD0D200F9650A /* NewsTableViewCell.swift in Sources */ = {isa = PBXBuildFile; fileRef = CE425A261DBFD0D200F9650A /* NewsTableViewCell.swift */; };
		CE425A291DBFE36900F9650A /* AddNewsViewController.swift in Sources */ = {isa = PBXBuildFile; fileRef = CE425A281DBFE36900F9650A /* AddNewsViewController.swift */; };
		CE51C57C1DA6DB4C006397B3 /* Cleaning.swift in Sources */ = {isa = PBXBuildFile; fileRef = CE51C5771DA6DB4C006397B3 /* Cleaning.swift */; };
		CE51C57D1DA6DB4C006397B3 /* News.swift in Sources */ = {isa = PBXBuildFile; fileRef = CE51C5781DA6DB4C006397B3 /* News.swift */; };
		CE51C57E1DA6DB4C006397B3 /* RecycleCategory.swift in Sources */ = {isa = PBXBuildFile; fileRef = CE51C5791DA6DB4C006397B3 /* RecycleCategory.swift */; };
		CE51C57F1DA6DB4C006397B3 /* RecyclePoint.swift in Sources */ = {isa = PBXBuildFile; fileRef = CE51C57A1DA6DB4C006397B3 /* RecyclePoint.swift */; };
		CE51C5801DA6DB4C006397B3 /* User.swift in Sources */ = {isa = PBXBuildFile; fileRef = CE51C57B1DA6DB4C006397B3 /* User.swift */; };
		CE6EC3831DBDF56000449440 /* FiltersModel.swift in Sources */ = {isa = PBXBuildFile; fileRef = CE6EC3821DBDF56000449440 /* FiltersModel.swift */; };
		CEAEB4761DB6772400730B8F /* Checkbox.swift in Sources */ = {isa = PBXBuildFile; fileRef = CEAEB4751DB6772400730B8F /* Checkbox.swift */; };
		CEC432A51DB4112000D361CA /* AuthorizationViewController.swift in Sources */ = {isa = PBXBuildFile; fileRef = CEC432A41DB4112000D361CA /* AuthorizationViewController.swift */; };
		CECCC0C71DB2D81600C7A1D5 /* RecyclePointListViewController.swift in Sources */ = {isa = PBXBuildFile; fileRef = CECCC0C61DB2D81600C7A1D5 /* RecyclePointListViewController.swift */; };
		F7904177E5D314D43DED6DCA /* Pods_LetsDoItUkraine.framework in Frameworks */ = {isa = PBXBuildFile; fileRef = 039A71F878C266E5EBF0BA96 /* Pods_LetsDoItUkraine.framework */; };
/* End PBXBuildFile section */

/* Begin PBXFileReference section */
		039A71F878C266E5EBF0BA96 /* Pods_LetsDoItUkraine.framework */ = {isa = PBXFileReference; explicitFileType = wrapper.framework; includeInIndex = 0; path = Pods_LetsDoItUkraine.framework; sourceTree = BUILT_PRODUCTS_DIR; };
		062468F81DB4319F00D2BC3A /* RecyclePointViewController.swift */ = {isa = PBXFileReference; fileEncoding = 4; lastKnownFileType = sourcecode.swift; path = RecyclePointViewController.swift; sourceTree = "<group>"; };
		062468FA1DB4334400D2BC3A /* photo.png */ = {isa = PBXFileReference; lastKnownFileType = image.png; path = photo.png; sourceTree = "<group>"; };
		062468FB1DB4334400D2BC3A /* photo@2x.png */ = {isa = PBXFileReference; lastKnownFileType = image.png; path = "photo@2x.png"; sourceTree = "<group>"; };
		062468FC1DB4334400D2BC3A /* photo@3x.png */ = {isa = PBXFileReference; lastKnownFileType = image.png; path = "photo@3x.png"; sourceTree = "<group>"; };
		062469001DB4353E00D2BC3A /* logoRecyclePoint.png */ = {isa = PBXFileReference; lastKnownFileType = image.png; path = logoRecyclePoint.png; sourceTree = "<group>"; };
		062469011DB4353E00D2BC3A /* logoRecyclePoint@2x.png */ = {isa = PBXFileReference; lastKnownFileType = image.png; path = "logoRecyclePoint@2x.png"; sourceTree = "<group>"; };
		062469021DB4353E00D2BC3A /* logoRecyclePoint@3x.png */ = {isa = PBXFileReference; lastKnownFileType = image.png; path = "logoRecyclePoint@3x.png"; sourceTree = "<group>"; };
		0652A9FA1DC29AFB00DF38DF /* ListOfMembers.swift */ = {isa = PBXFileReference; fileEncoding = 4; lastKnownFileType = sourcecode.swift; path = ListOfMembers.swift; sourceTree = "<group>"; };
		0652A9FC1DC2A23F00DF38DF /* CustomCellCleanMember.swift */ = {isa = PBXFileReference; fileEncoding = 4; lastKnownFileType = sourcecode.swift; path = CustomCellCleanMember.swift; sourceTree = "<group>"; };
		06C20A901DA7B1F2004E1B7E /* CleanPlaceViewController.swift */ = {isa = PBXFileReference; fileEncoding = 4; lastKnownFileType = sourcecode.swift; path = CleanPlaceViewController.swift; sourceTree = "<group>"; };
		06C20AB71DAABC55004E1B7E /* cl_place1.png */ = {isa = PBXFileReference; lastKnownFileType = image.png; path = cl_place1.png; sourceTree = "<group>"; };
		06C20AB81DAABC55004E1B7E /* cl_place1@2x.png */ = {isa = PBXFileReference; lastKnownFileType = image.png; path = "cl_place1@2x.png"; sourceTree = "<group>"; };
		06C20AB91DAABC55004E1B7E /* cl_place1@3x.png */ = {isa = PBXFileReference; lastKnownFileType = image.png; path = "cl_place1@3x.png"; sourceTree = "<group>"; };
		06C20ABA1DAABC55004E1B7E /* cl_place2.png */ = {isa = PBXFileReference; lastKnownFileType = image.png; path = cl_place2.png; sourceTree = "<group>"; };
		06C20ABB1DAABC55004E1B7E /* cl_place2@2x.png */ = {isa = PBXFileReference; lastKnownFileType = image.png; path = "cl_place2@2x.png"; sourceTree = "<group>"; };
		06C20ABC1DAABC55004E1B7E /* cl_place2@3x.png */ = {isa = PBXFileReference; lastKnownFileType = image.png; path = "cl_place2@3x.png"; sourceTree = "<group>"; };
		06C20ABD1DAABC55004E1B7E /* cl_place3.png */ = {isa = PBXFileReference; lastKnownFileType = image.png; path = cl_place3.png; sourceTree = "<group>"; };
		06C20ABE1DAABC55004E1B7E /* cl_place3@2x.png */ = {isa = PBXFileReference; lastKnownFileType = image.png; path = "cl_place3@2x.png"; sourceTree = "<group>"; };
		06C20ABF1DAABC55004E1B7E /* cl_place3@3x.png */ = {isa = PBXFileReference; lastKnownFileType = image.png; path = "cl_place3@3x.png"; sourceTree = "<group>"; };
		06C20AC01DAABC55004E1B7E /* photo_example.png */ = {isa = PBXFileReference; lastKnownFileType = image.png; path = photo_example.png; sourceTree = "<group>"; };
		06C20AC11DAABC55004E1B7E /* photo_example@2x.png */ = {isa = PBXFileReference; lastKnownFileType = image.png; path = "photo_example@2x.png"; sourceTree = "<group>"; };
		06C20AC21DAABC55004E1B7E /* photo_example@3x.png */ = {isa = PBXFileReference; lastKnownFileType = image.png; path = "photo_example@3x.png"; sourceTree = "<group>"; };
		144F65919015FC79FFBC43E6 /* Pods-LetsDoItUkraine.debug.xcconfig */ = {isa = PBXFileReference; includeInIndex = 1; lastKnownFileType = text.xcconfig; name = "Pods-LetsDoItUkraine.debug.xcconfig"; path = "Pods/Target Support Files/Pods-LetsDoItUkraine/Pods-LetsDoItUkraine.debug.xcconfig"; sourceTree = "<group>"; };
		55033E6F1DAD7FA000A04685 /* UsersManager.swift */ = {isa = PBXFileReference; fileEncoding = 4; lastKnownFileType = sourcecode.swift; path = UsersManager.swift; sourceTree = "<group>"; };
		55033E711DAD82BB00A04685 /* CleaningsManager.swift */ = {isa = PBXFileReference; fileEncoding = 4; lastKnownFileType = sourcecode.swift; path = CleaningsManager.swift; sourceTree = "<group>"; };
		55033E731DAD85E300A04685 /* RecyclePointsManager.swift */ = {isa = PBXFileReference; fileEncoding = 4; lastKnownFileType = sourcecode.swift; path = RecyclePointsManager.swift; sourceTree = "<group>"; };
		55033E751DAD867600A04685 /* NewsManager.swift */ = {isa = PBXFileReference; fileEncoding = 4; lastKnownFileType = sourcecode.swift; path = NewsManager.swift; sourceTree = "<group>"; };
		552BF8F91DA196D7008D5317 /* LetsDoItUkraine.app */ = {isa = PBXFileReference; explicitFileType = wrapper.application; includeInIndex = 0; path = LetsDoItUkraine.app; sourceTree = BUILT_PRODUCTS_DIR; };
		552BF8FC1DA196D7008D5317 /* AppDelegate.swift */ = {isa = PBXFileReference; lastKnownFileType = sourcecode.swift; path = AppDelegate.swift; sourceTree = "<group>"; };
		552BF9031DA196D7008D5317 /* Base */ = {isa = PBXFileReference; lastKnownFileType = file.storyboard; name = Base; path = Base.lproj/Main.storyboard; sourceTree = "<group>"; };
		552BF9051DA196D7008D5317 /* Assets.xcassets */ = {isa = PBXFileReference; lastKnownFileType = folder.assetcatalog; path = Assets.xcassets; sourceTree = "<group>"; };
		552BF9081DA196D7008D5317 /* Base */ = {isa = PBXFileReference; lastKnownFileType = file.storyboard; name = Base; path = Base.lproj/LaunchScreen.storyboard; sourceTree = "<group>"; };
		552BF90A1DA196D7008D5317 /* Info.plist */ = {isa = PBXFileReference; lastKnownFileType = text.plist.xml; path = Info.plist; sourceTree = "<group>"; };
		552BF9121DA19916008D5317 /* GoogleService-Info.plist */ = {isa = PBXFileReference; fileEncoding = 4; lastKnownFileType = text.plist.xml; path = "GoogleService-Info.plist"; sourceTree = "<group>"; };
		55F658BA1DA9238B00441EBE /* DataManager.swift */ = {isa = PBXFileReference; fileEncoding = 4; lastKnownFileType = sourcecode.swift; path = DataManager.swift; sourceTree = "<group>"; };
		7F1EC6DD1DBFD26B00235EDA /* RecyclePointMapViewController.swift */ = {isa = PBXFileReference; fileEncoding = 4; lastKnownFileType = sourcecode.swift; path = RecyclePointMapViewController.swift; sourceTree = "<group>"; };
		7F1EC6DF1DBFDB8900235EDA /* RecyclePointMapCollectionViewCell.swift */ = {isa = PBXFileReference; fileEncoding = 4; lastKnownFileType = sourcecode.swift; path = RecyclePointMapCollectionViewCell.swift; sourceTree = "<group>"; };
		7F269BF71DAA72E4008BE654 /* CleaningsMapCollectionViewCell.swift */ = {isa = PBXFileReference; fileEncoding = 4; lastKnownFileType = sourcecode.swift; path = CleaningsMapCollectionViewCell.swift; sourceTree = "<group>"; };
		7F269BF91DAAA69F008BE654 /* CleaningsViewController.swift */ = {isa = PBXFileReference; fileEncoding = 4; lastKnownFileType = sourcecode.swift; path = CleaningsViewController.swift; sourceTree = "<group>"; };
		7F362AFD1DB20D0A0066BBFA /* Constants.swift */ = {isa = PBXFileReference; fileEncoding = 4; lastKnownFileType = sourcecode.swift; path = Constants.swift; sourceTree = "<group>"; };
		7FEA9B351DC0D0E100C90E06 /* MapsPageViewController.swift */ = {isa = PBXFileReference; fileEncoding = 4; lastKnownFileType = sourcecode.swift; path = MapsPageViewController.swift; sourceTree = "<group>"; };
		7FF46FA51DC1E1C1007F62E6 /* RecycePointMapPresenter.swift */ = {isa = PBXFileReference; fileEncoding = 4; lastKnownFileType = sourcecode.swift; path = RecycePointMapPresenter.swift; sourceTree = "<group>"; };
		7FF46FA71DC1E364007F62E6 /* LocationManager.swift */ = {isa = PBXFileReference; fileEncoding = 4; lastKnownFileType = sourcecode.swift; path = LocationManager.swift; sourceTree = "<group>"; };
		7FF46FA91DC2223A007F62E6 /* CleaningsMapPresenter.swift */ = {isa = PBXFileReference; fileEncoding = 4; lastKnownFileType = sourcecode.swift; path = CleaningsMapPresenter.swift; sourceTree = "<group>"; };
		7FFD270D1DB6662800D083F0 /* SearchResultsController.swift */ = {isa = PBXFileReference; fileEncoding = 4; lastKnownFileType = sourcecode.swift; path = SearchResultsController.swift; sourceTree = "<group>"; };
		ACF6DE155D0EE0A646F3CBE8 /* Pods-LetsDoItUkraine.release.xcconfig */ = {isa = PBXFileReference; includeInIndex = 1; lastKnownFileType = text.xcconfig; name = "Pods-LetsDoItUkraine.release.xcconfig"; path = "Pods/Target Support Files/Pods-LetsDoItUkraine/Pods-LetsDoItUkraine.release.xcconfig"; sourceTree = "<group>"; };
		CE266C9B1DC10C0E00732D5B /* NewsItemViewController.swift */ = {isa = PBXFileReference; fileEncoding = 4; lastKnownFileType = sourcecode.swift; path = NewsItemViewController.swift; sourceTree = "<group>"; };
		CE425A241DBFCF9A00F9650A /* NewsListViewController.swift */ = {isa = PBXFileReference; fileEncoding = 4; lastKnownFileType = sourcecode.swift; path = NewsListViewController.swift; sourceTree = "<group>"; };
		CE425A261DBFD0D200F9650A /* NewsTableViewCell.swift */ = {isa = PBXFileReference; fileEncoding = 4; lastKnownFileType = sourcecode.swift; path = NewsTableViewCell.swift; sourceTree = "<group>"; };
		CE425A281DBFE36900F9650A /* AddNewsViewController.swift */ = {isa = PBXFileReference; fileEncoding = 4; lastKnownFileType = sourcecode.swift; path = AddNewsViewController.swift; sourceTree = "<group>"; };
		CE51C5771DA6DB4C006397B3 /* Cleaning.swift */ = {isa = PBXFileReference; fileEncoding = 4; lastKnownFileType = sourcecode.swift; path = Cleaning.swift; sourceTree = "<group>"; };
		CE51C5781DA6DB4C006397B3 /* News.swift */ = {isa = PBXFileReference; fileEncoding = 4; lastKnownFileType = sourcecode.swift; path = News.swift; sourceTree = "<group>"; };
		CE51C5791DA6DB4C006397B3 /* RecycleCategory.swift */ = {isa = PBXFileReference; fileEncoding = 4; lastKnownFileType = sourcecode.swift; path = RecycleCategory.swift; sourceTree = "<group>"; };
		CE51C57A1DA6DB4C006397B3 /* RecyclePoint.swift */ = {isa = PBXFileReference; fileEncoding = 4; lastKnownFileType = sourcecode.swift; path = RecyclePoint.swift; sourceTree = "<group>"; };
		CE51C57B1DA6DB4C006397B3 /* User.swift */ = {isa = PBXFileReference; fileEncoding = 4; lastKnownFileType = sourcecode.swift; path = User.swift; sourceTree = "<group>"; };
		CE6EC3821DBDF56000449440 /* FiltersModel.swift */ = {isa = PBXFileReference; fileEncoding = 4; lastKnownFileType = sourcecode.swift; path = FiltersModel.swift; sourceTree = "<group>"; };
		CEAEB4751DB6772400730B8F /* Checkbox.swift */ = {isa = PBXFileReference; fileEncoding = 4; lastKnownFileType = sourcecode.swift; path = Checkbox.swift; sourceTree = "<group>"; };
		CEC432A41DB4112000D361CA /* AuthorizationViewController.swift */ = {isa = PBXFileReference; fileEncoding = 4; lastKnownFileType = sourcecode.swift; path = AuthorizationViewController.swift; sourceTree = "<group>"; };
		CECCC0C61DB2D81600C7A1D5 /* RecyclePointListViewController.swift */ = {isa = PBXFileReference; fileEncoding = 4; lastKnownFileType = sourcecode.swift; path = RecyclePointListViewController.swift; sourceTree = "<group>"; };
/* End PBXFileReference section */

/* Begin PBXFrameworksBuildPhase section */
		552BF8F61DA196D7008D5317 /* Frameworks */ = {
			isa = PBXFrameworksBuildPhase;
			buildActionMask = 2147483647;
			files = (
				F7904177E5D314D43DED6DCA /* Pods_LetsDoItUkraine.framework in Frameworks */,
			);
			runOnlyForDeploymentPostprocessing = 0;
		};
/* End PBXFrameworksBuildPhase section */

/* Begin PBXGroup section */
		06C20A521DA7AF34004E1B7E /* Data */ = {
			isa = PBXGroup;
			children = (
				06C20AB61DAABC42004E1B7E /* TemporaryImage */,
			);
			path = Data;
			sourceTree = "<group>";
		};
		06C20AB61DAABC42004E1B7E /* TemporaryImage */ = {
			isa = PBXGroup;
			children = (
				062469001DB4353E00D2BC3A /* logoRecyclePoint.png */,
				062469011DB4353E00D2BC3A /* logoRecyclePoint@2x.png */,
				062469021DB4353E00D2BC3A /* logoRecyclePoint@3x.png */,
				062468FA1DB4334400D2BC3A /* photo.png */,
				062468FB1DB4334400D2BC3A /* photo@2x.png */,
				062468FC1DB4334400D2BC3A /* photo@3x.png */,
				06C20AB71DAABC55004E1B7E /* cl_place1.png */,
				06C20AB81DAABC55004E1B7E /* cl_place1@2x.png */,
				06C20AB91DAABC55004E1B7E /* cl_place1@3x.png */,
				06C20ABA1DAABC55004E1B7E /* cl_place2.png */,
				06C20ABB1DAABC55004E1B7E /* cl_place2@2x.png */,
				06C20ABC1DAABC55004E1B7E /* cl_place2@3x.png */,
				06C20ABD1DAABC55004E1B7E /* cl_place3.png */,
				06C20ABE1DAABC55004E1B7E /* cl_place3@2x.png */,
				06C20ABF1DAABC55004E1B7E /* cl_place3@3x.png */,
				06C20AC01DAABC55004E1B7E /* photo_example.png */,
				06C20AC11DAABC55004E1B7E /* photo_example@2x.png */,
				06C20AC21DAABC55004E1B7E /* photo_example@3x.png */,
			);
			path = TemporaryImage;
			sourceTree = "<group>";
		};
		256BA0641F3F63FEA67EC2E1 /* Pods */ = {
			isa = PBXGroup;
			children = (
				144F65919015FC79FFBC43E6 /* Pods-LetsDoItUkraine.debug.xcconfig */,
				ACF6DE155D0EE0A646F3CBE8 /* Pods-LetsDoItUkraine.release.xcconfig */,
			);
			name = Pods;
			sourceTree = "<group>";
		};
		552BF8F01DA196D7008D5317 = {
			isa = PBXGroup;
			children = (
				552BF8FB1DA196D7008D5317 /* LetsDoItUkraine */,
				552BF8FA1DA196D7008D5317 /* Products */,
				256BA0641F3F63FEA67EC2E1 /* Pods */,
				9D997B299742B280FA3D8015 /* Frameworks */,
			);
			sourceTree = "<group>";
		};
		552BF8FA1DA196D7008D5317 /* Products */ = {
			isa = PBXGroup;
			children = (
				552BF8F91DA196D7008D5317 /* LetsDoItUkraine.app */,
			);
			name = Products;
			sourceTree = "<group>";
		};
		552BF8FB1DA196D7008D5317 /* LetsDoItUkraine */ = {
			isa = PBXGroup;
			children = (
				7FF46FA41DC1E18C007F62E6 /* Presenters */,
				06C20A521DA7AF34004E1B7E /* Data */,
				55AD708C1DA1A67300FA1049 /* ViewControllers */,
				55AD708D1DA1A68A00FA1049 /* Model */,
				552BF9021DA196D7008D5317 /* Main.storyboard */,
				CE51C5761DA6DB25006397B3 /* SupportingFiles */,
			);
			path = LetsDoItUkraine;
			sourceTree = "<group>";
		};
		55AD708C1DA1A67300FA1049 /* ViewControllers */ = {
			isa = PBXGroup;
			children = (
				7FEA9B351DC0D0E100C90E06 /* MapsPageViewController.swift */,
				7F1EC6DD1DBFD26B00235EDA /* RecyclePointMapViewController.swift */,
				7F269BF91DAAA69F008BE654 /* CleaningsViewController.swift */,
				7FFD270D1DB6662800D083F0 /* SearchResultsController.swift */,
				CE266C9B1DC10C0E00732D5B /* NewsItemViewController.swift */,
				062468F81DB4319F00D2BC3A /* RecyclePointViewController.swift */,
				CE425A241DBFCF9A00F9650A /* NewsListViewController.swift */,
				CE425A281DBFE36900F9650A /* AddNewsViewController.swift */,
				06C20A901DA7B1F2004E1B7E /* CleanPlaceViewController.swift */,
				CECCC0C61DB2D81600C7A1D5 /* RecyclePointListViewController.swift */,
				CEC432A41DB4112000D361CA /* AuthorizationViewController.swift */,
				0652A9FA1DC29AFB00DF38DF /* ListOfMembers.swift */,
				0652A9FC1DC2A23F00DF38DF /* CustomCellCleanMember.swift */,
				55AD708F1DA1A6C800FA1049 /* Cells */,
			);
			name = ViewControllers;
			sourceTree = "<group>";
		};
		55AD708D1DA1A68A00FA1049 /* Model */ = {
			isa = PBXGroup;
			children = (
				55F658BE1DAAB61E00441EBE /* Protocols */,
				55F658BA1DA9238B00441EBE /* DataManager.swift */,
				55033E6F1DAD7FA000A04685 /* UsersManager.swift */,
				55033E711DAD82BB00A04685 /* CleaningsManager.swift */,
				55033E731DAD85E300A04685 /* RecyclePointsManager.swift */,
				55033E751DAD867600A04685 /* NewsManager.swift */,
				CE6EC3821DBDF56000449440 /* FiltersModel.swift */,
				CEAEB4751DB6772400730B8F /* Checkbox.swift */,
				7FF46FA71DC1E364007F62E6 /* LocationManager.swift */,
				55AD708E1DA1A6A700FA1049 /* VO */,
			);
			name = Model;
			sourceTree = "<group>";
		};
		55AD708E1DA1A6A700FA1049 /* VO */ = {
			isa = PBXGroup;
			children = (
				CE51C57B1DA6DB4C006397B3 /* User.swift */,
				CE51C5771DA6DB4C006397B3 /* Cleaning.swift */,
				CE51C5781DA6DB4C006397B3 /* News.swift */,
				CE51C5791DA6DB4C006397B3 /* RecycleCategory.swift */,
				CE51C57A1DA6DB4C006397B3 /* RecyclePoint.swift */,
			);
			name = VO;
			sourceTree = "<group>";
		};
		55AD708F1DA1A6C800FA1049 /* Cells */ = {
			isa = PBXGroup;
			children = (
				7F269BF71DAA72E4008BE654 /* CleaningsMapCollectionViewCell.swift */,
				7F1EC6DF1DBFDB8900235EDA /* RecyclePointMapCollectionViewCell.swift */,
				CE425A261DBFD0D200F9650A /* NewsTableViewCell.swift */,
			);
			name = Cells;
			sourceTree = "<group>";
		};
		55F658BE1DAAB61E00441EBE /* Protocols */ = {
			isa = PBXGroup;
			children = (
			);
			name = Protocols;
			sourceTree = "<group>";
		};
		7FF46FA41DC1E18C007F62E6 /* Presenters */ = {
			isa = PBXGroup;
			children = (
				7FF46FA51DC1E1C1007F62E6 /* RecycePointMapPresenter.swift */,
				7FF46FA91DC2223A007F62E6 /* CleaningsMapPresenter.swift */,
			);
			name = Presenters;
			sourceTree = "<group>";
		};
		9D997B299742B280FA3D8015 /* Frameworks */ = {
			isa = PBXGroup;
			children = (
				039A71F878C266E5EBF0BA96 /* Pods_LetsDoItUkraine.framework */,
			);
			name = Frameworks;
			sourceTree = "<group>";
		};
		CE51C5761DA6DB25006397B3 /* SupportingFiles */ = {
			isa = PBXGroup;
			children = (
				552BF8FC1DA196D7008D5317 /* AppDelegate.swift */,
				552BF9051DA196D7008D5317 /* Assets.xcassets */,
				552BF9071DA196D7008D5317 /* LaunchScreen.storyboard */,
				552BF9121DA19916008D5317 /* GoogleService-Info.plist */,
				552BF90A1DA196D7008D5317 /* Info.plist */,
				7F362AFD1DB20D0A0066BBFA /* Constants.swift */,
			);
			name = SupportingFiles;
			sourceTree = "<group>";
		};
/* End PBXGroup section */

/* Begin PBXNativeTarget section */
		552BF8F81DA196D7008D5317 /* LetsDoItUkraine */ = {
			isa = PBXNativeTarget;
			buildConfigurationList = 552BF90D1DA196D7008D5317 /* Build configuration list for PBXNativeTarget "LetsDoItUkraine" */;
			buildPhases = (
				B812555FC701FA9F231F44B0 /* [CP] Check Pods Manifest.lock */,
				552BF8F51DA196D7008D5317 /* Sources */,
				552BF8F61DA196D7008D5317 /* Frameworks */,
				552BF8F71DA196D7008D5317 /* Resources */,
				43EA1C64F7E3C8D5759C2045 /* [CP] Embed Pods Frameworks */,
				4FE60B0E317297B6912B3BA6 /* [CP] Copy Pods Resources */,
			);
			buildRules = (
			);
			dependencies = (
			);
			name = LetsDoItUkraine;
			productName = LetsDoItUkraine;
			productReference = 552BF8F91DA196D7008D5317 /* LetsDoItUkraine.app */;
			productType = "com.apple.product-type.application";
		};
/* End PBXNativeTarget section */

/* Begin PBXProject section */
		552BF8F11DA196D7008D5317 /* Project object */ = {
			isa = PBXProject;
			attributes = {
				LastSwiftUpdateCheck = 0800;
				LastUpgradeCheck = 0800;
				ORGANIZATIONNAME = goit;
				TargetAttributes = {
					552BF8F81DA196D7008D5317 = {
						CreatedOnToolsVersion = 8.0;
						DevelopmentTeam = 52X9L8BRXX;
						ProvisioningStyle = Automatic;
					};
				};
			};
			buildConfigurationList = 552BF8F41DA196D7008D5317 /* Build configuration list for PBXProject "LetsDoItUkraine" */;
			compatibilityVersion = "Xcode 3.2";
			developmentRegion = English;
			hasScannedForEncodings = 0;
			knownRegions = (
				en,
				Base,
			);
			mainGroup = 552BF8F01DA196D7008D5317;
			productRefGroup = 552BF8FA1DA196D7008D5317 /* Products */;
			projectDirPath = "";
			projectRoot = "";
			targets = (
				552BF8F81DA196D7008D5317 /* LetsDoItUkraine */,
			);
		};
/* End PBXProject section */

/* Begin PBXResourcesBuildPhase section */
		552BF8F71DA196D7008D5317 /* Resources */ = {
			isa = PBXResourcesBuildPhase;
			buildActionMask = 2147483647;
			files = (
				06C20ACA1DAABC55004E1B7E /* cl_place3@2x.png in Resources */,
				06C20AC61DAABC55004E1B7E /* cl_place2.png in Resources */,
				06C20ACB1DAABC55004E1B7E /* cl_place3@3x.png in Resources */,
				06C20AC41DAABC55004E1B7E /* cl_place1@2x.png in Resources */,
				06C20AC71DAABC55004E1B7E /* cl_place2@2x.png in Resources */,
				062468FD1DB4334400D2BC3A /* photo.png in Resources */,
				06C20AC31DAABC55004E1B7E /* cl_place1.png in Resources */,
				552BF9091DA196D7008D5317 /* LaunchScreen.storyboard in Resources */,
				552BF9131DA19916008D5317 /* GoogleService-Info.plist in Resources */,
				06C20ACD1DAABC55004E1B7E /* photo_example@2x.png in Resources */,
				062469041DB4353E00D2BC3A /* logoRecyclePoint@2x.png in Resources */,
				552BF9061DA196D7008D5317 /* Assets.xcassets in Resources */,
				06C20ACE1DAABC55004E1B7E /* photo_example@3x.png in Resources */,
				062468FE1DB4334400D2BC3A /* photo@2x.png in Resources */,
				06C20AC51DAABC55004E1B7E /* cl_place1@3x.png in Resources */,
				062469031DB4353E00D2BC3A /* logoRecyclePoint.png in Resources */,
				062469051DB4353E00D2BC3A /* logoRecyclePoint@3x.png in Resources */,
				06C20ACC1DAABC55004E1B7E /* photo_example.png in Resources */,
				062468FF1DB4334400D2BC3A /* photo@3x.png in Resources */,
				06C20AC91DAABC55004E1B7E /* cl_place3.png in Resources */,
				552BF9041DA196D7008D5317 /* Main.storyboard in Resources */,
				06C20AC81DAABC55004E1B7E /* cl_place2@3x.png in Resources */,
			);
			runOnlyForDeploymentPostprocessing = 0;
		};
/* End PBXResourcesBuildPhase section */

/* Begin PBXShellScriptBuildPhase section */
		43EA1C64F7E3C8D5759C2045 /* [CP] Embed Pods Frameworks */ = {
			isa = PBXShellScriptBuildPhase;
			buildActionMask = 2147483647;
			files = (
			);
			inputPaths = (
			);
			name = "[CP] Embed Pods Frameworks";
			outputPaths = (
			);
			runOnlyForDeploymentPostprocessing = 0;
			shellPath = /bin/sh;
			shellScript = "\"${SRCROOT}/Pods/Target Support Files/Pods-LetsDoItUkraine/Pods-LetsDoItUkraine-frameworks.sh\"\n";
			showEnvVarsInLog = 0;
		};
		4FE60B0E317297B6912B3BA6 /* [CP] Copy Pods Resources */ = {
			isa = PBXShellScriptBuildPhase;
			buildActionMask = 2147483647;
			files = (
			);
			inputPaths = (
			);
			name = "[CP] Copy Pods Resources";
			outputPaths = (
			);
			runOnlyForDeploymentPostprocessing = 0;
			shellPath = /bin/sh;
			shellScript = "\"${SRCROOT}/Pods/Target Support Files/Pods-LetsDoItUkraine/Pods-LetsDoItUkraine-resources.sh\"\n";
			showEnvVarsInLog = 0;
		};
		B812555FC701FA9F231F44B0 /* [CP] Check Pods Manifest.lock */ = {
			isa = PBXShellScriptBuildPhase;
			buildActionMask = 2147483647;
			files = (
			);
			inputPaths = (
			);
			name = "[CP] Check Pods Manifest.lock";
			outputPaths = (
			);
			runOnlyForDeploymentPostprocessing = 0;
			shellPath = /bin/sh;
			shellScript = "diff \"${PODS_ROOT}/../Podfile.lock\" \"${PODS_ROOT}/Manifest.lock\" > /dev/null\nif [[ $? != 0 ]] ; then\n    cat << EOM\nerror: The sandbox is not in sync with the Podfile.lock. Run 'pod install' or update your CocoaPods installation.\nEOM\n    exit 1\nfi\n";
			showEnvVarsInLog = 0;
		};
/* End PBXShellScriptBuildPhase section */

/* Begin PBXSourcesBuildPhase section */
		552BF8F51DA196D7008D5317 /* Sources */ = {
			isa = PBXSourcesBuildPhase;
			buildActionMask = 2147483647;
			files = (
				7F362AFE1DB20D0A0066BBFA /* Constants.swift in Sources */,
				06C20A911DA7B1F2004E1B7E /* CleanPlaceViewController.swift in Sources */,
				7FF46FA81DC1E364007F62E6 /* LocationManager.swift in Sources */,
				CE51C57E1DA6DB4C006397B3 /* RecycleCategory.swift in Sources */,
				7FFD270E1DB6662800D083F0 /* SearchResultsController.swift in Sources */,
				7FEA9B361DC0D0E100C90E06 /* MapsPageViewController.swift in Sources */,
				7FF46FA61DC1E1C1007F62E6 /* RecycePointMapPresenter.swift in Sources */,
				552BF8FD1DA196D7008D5317 /* AppDelegate.swift in Sources */,
				7F269BFA1DAAA69F008BE654 /* CleaningsViewController.swift in Sources */,
				7FF46FAA1DC2223A007F62E6 /* CleaningsMapPresenter.swift in Sources */,
				CE51C57D1DA6DB4C006397B3 /* News.swift in Sources */,
				0652A9FB1DC29AFB00DF38DF /* ListOfMembers.swift in Sources */,
				CEC432A51DB4112000D361CA /* AuthorizationViewController.swift in Sources */,
				CE425A271DBFD0D200F9650A /* NewsTableViewCell.swift in Sources */,
				CE51C5801DA6DB4C006397B3 /* User.swift in Sources */,
				0652A9FD1DC2A23F00DF38DF /* CustomCellCleanMember.swift in Sources */,
				CEAEB4761DB6772400730B8F /* Checkbox.swift in Sources */,
				CE425A291DBFE36900F9650A /* AddNewsViewController.swift in Sources */,
				CE51C57C1DA6DB4C006397B3 /* Cleaning.swift in Sources */,
				CE51C57F1DA6DB4C006397B3 /* RecyclePoint.swift in Sources */,
				55033E701DAD7FA000A04685 /* UsersManager.swift in Sources */,
				55033E721DAD82BB00A04685 /* CleaningsManager.swift in Sources */,
				7F1EC6DE1DBFD26B00235EDA /* RecyclePointMapViewController.swift in Sources */,
				7F1EC6E01DBFDB8900235EDA /* RecyclePointMapCollectionViewCell.swift in Sources */,
				55F658BB1DA9238B00441EBE /* DataManager.swift in Sources */,
				CE425A251DBFCF9A00F9650A /* NewsListViewController.swift in Sources */,
				CE6EC3831DBDF56000449440 /* FiltersModel.swift in Sources */,
				CECCC0C71DB2D81600C7A1D5 /* RecyclePointListViewController.swift in Sources */,
				55033E741DAD85E300A04685 /* RecyclePointsManager.swift in Sources */,
				55033E761DAD867600A04685 /* NewsManager.swift in Sources */,
				CE266C9C1DC10C0E00732D5B /* NewsItemViewController.swift in Sources */,
				7F269BF81DAA72E4008BE654 /* CleaningsMapCollectionViewCell.swift in Sources */,
				062468F91DB4319F00D2BC3A /* RecyclePointViewController.swift in Sources */,
			);
			runOnlyForDeploymentPostprocessing = 0;
		};
/* End PBXSourcesBuildPhase section */

/* Begin PBXVariantGroup section */
		552BF9021DA196D7008D5317 /* Main.storyboard */ = {
			isa = PBXVariantGroup;
			children = (
				552BF9031DA196D7008D5317 /* Base */,
			);
			name = Main.storyboard;
			sourceTree = "<group>";
		};
		552BF9071DA196D7008D5317 /* LaunchScreen.storyboard */ = {
			isa = PBXVariantGroup;
			children = (
				552BF9081DA196D7008D5317 /* Base */,
			);
			name = LaunchScreen.storyboard;
			sourceTree = "<group>";
		};
/* End PBXVariantGroup section */

/* Begin XCBuildConfiguration section */
		552BF90B1DA196D7008D5317 /* Debug */ = {
			isa = XCBuildConfiguration;
			buildSettings = {
				ALWAYS_SEARCH_USER_PATHS = NO;
				CLANG_ANALYZER_NONNULL = YES;
				CLANG_CXX_LANGUAGE_STANDARD = "gnu++0x";
				CLANG_CXX_LIBRARY = "libc++";
				CLANG_ENABLE_MODULES = YES;
				CLANG_ENABLE_OBJC_ARC = YES;
				CLANG_WARN_BOOL_CONVERSION = YES;
				CLANG_WARN_CONSTANT_CONVERSION = YES;
				CLANG_WARN_DIRECT_OBJC_ISA_USAGE = YES_ERROR;
				CLANG_WARN_DOCUMENTATION_COMMENTS = YES;
				CLANG_WARN_EMPTY_BODY = YES;
				CLANG_WARN_ENUM_CONVERSION = YES;
				CLANG_WARN_INFINITE_RECURSION = YES;
				CLANG_WARN_INT_CONVERSION = YES;
				CLANG_WARN_OBJC_ROOT_CLASS = YES_ERROR;
				CLANG_WARN_SUSPICIOUS_MOVE = YES;
				CLANG_WARN_SUSPICIOUS_MOVES = YES;
				CLANG_WARN_UNREACHABLE_CODE = YES;
				CLANG_WARN__DUPLICATE_METHOD_MATCH = YES;
				"CODE_SIGN_IDENTITY[sdk=iphoneos*]" = "iPhone Developer";
				COPY_PHASE_STRIP = NO;
				DEBUG_INFORMATION_FORMAT = dwarf;
				ENABLE_STRICT_OBJC_MSGSEND = YES;
				ENABLE_TESTABILITY = YES;
				GCC_C_LANGUAGE_STANDARD = gnu99;
				GCC_DYNAMIC_NO_PIC = NO;
				GCC_NO_COMMON_BLOCKS = YES;
				GCC_OPTIMIZATION_LEVEL = 0;
				GCC_PREPROCESSOR_DEFINITIONS = (
					"DEBUG=1",
					"$(inherited)",
				);
				GCC_WARN_64_TO_32_BIT_CONVERSION = YES;
				GCC_WARN_ABOUT_RETURN_TYPE = YES_ERROR;
				GCC_WARN_UNDECLARED_SELECTOR = YES;
				GCC_WARN_UNINITIALIZED_AUTOS = YES_AGGRESSIVE;
				GCC_WARN_UNUSED_FUNCTION = YES;
				GCC_WARN_UNUSED_VARIABLE = YES;
				IPHONEOS_DEPLOYMENT_TARGET = 9.0;
				MTL_ENABLE_DEBUG_INFO = YES;
				ONLY_ACTIVE_ARCH = YES;
				SDKROOT = iphoneos;
				SWIFT_ACTIVE_COMPILATION_CONDITIONS = DEBUG;
				SWIFT_OPTIMIZATION_LEVEL = "-Onone";
				TARGETED_DEVICE_FAMILY = "1,2";
			};
			name = Debug;
		};
		552BF90C1DA196D7008D5317 /* Release */ = {
			isa = XCBuildConfiguration;
			buildSettings = {
				ALWAYS_SEARCH_USER_PATHS = NO;
				CLANG_ANALYZER_NONNULL = YES;
				CLANG_CXX_LANGUAGE_STANDARD = "gnu++0x";
				CLANG_CXX_LIBRARY = "libc++";
				CLANG_ENABLE_MODULES = YES;
				CLANG_ENABLE_OBJC_ARC = YES;
				CLANG_WARN_BOOL_CONVERSION = YES;
				CLANG_WARN_CONSTANT_CONVERSION = YES;
				CLANG_WARN_DIRECT_OBJC_ISA_USAGE = YES_ERROR;
				CLANG_WARN_DOCUMENTATION_COMMENTS = YES;
				CLANG_WARN_EMPTY_BODY = YES;
				CLANG_WARN_ENUM_CONVERSION = YES;
				CLANG_WARN_INFINITE_RECURSION = YES;
				CLANG_WARN_INT_CONVERSION = YES;
				CLANG_WARN_OBJC_ROOT_CLASS = YES_ERROR;
				CLANG_WARN_SUSPICIOUS_MOVE = YES;
				CLANG_WARN_SUSPICIOUS_MOVES = YES;
				CLANG_WARN_UNREACHABLE_CODE = YES;
				CLANG_WARN__DUPLICATE_METHOD_MATCH = YES;
				"CODE_SIGN_IDENTITY[sdk=iphoneos*]" = "iPhone Developer";
				COPY_PHASE_STRIP = NO;
				DEBUG_INFORMATION_FORMAT = "dwarf-with-dsym";
				ENABLE_NS_ASSERTIONS = NO;
				ENABLE_STRICT_OBJC_MSGSEND = YES;
				GCC_C_LANGUAGE_STANDARD = gnu99;
				GCC_NO_COMMON_BLOCKS = YES;
				GCC_WARN_64_TO_32_BIT_CONVERSION = YES;
				GCC_WARN_ABOUT_RETURN_TYPE = YES_ERROR;
				GCC_WARN_UNDECLARED_SELECTOR = YES;
				GCC_WARN_UNINITIALIZED_AUTOS = YES_AGGRESSIVE;
				GCC_WARN_UNUSED_FUNCTION = YES;
				GCC_WARN_UNUSED_VARIABLE = YES;
				IPHONEOS_DEPLOYMENT_TARGET = 9.0;
				MTL_ENABLE_DEBUG_INFO = NO;
				SDKROOT = iphoneos;
				SWIFT_OPTIMIZATION_LEVEL = "-Owholemodule";
				TARGETED_DEVICE_FAMILY = "1,2";
				VALIDATE_PRODUCT = YES;
			};
			name = Release;
		};
		552BF90E1DA196D7008D5317 /* Debug */ = {
			isa = XCBuildConfiguration;
			baseConfigurationReference = 144F65919015FC79FFBC43E6 /* Pods-LetsDoItUkraine.debug.xcconfig */;
			buildSettings = {
				ALWAYS_EMBED_SWIFT_STANDARD_LIBRARIES = YES;
				ASSETCATALOG_COMPILER_APPICON_NAME = AppIcon;
				"CODE_SIGN_IDENTITY[sdk=iphoneos*]" = "iPhone Developer";
				DEVELOPMENT_TEAM = 52X9L8BRXX;
				FRAMEWORK_SEARCH_PATHS = (
					"$(inherited)",
					"$(PROJECT_DIR)",
				);
				INFOPLIST_FILE = LetsDoItUkraine/Info.plist;
				IPHONEOS_DEPLOYMENT_TARGET = 9.0;
				LD_RUNPATH_SEARCH_PATHS = "$(inherited) @executable_path/Frameworks";
				PRODUCT_BUNDLE_IDENTIFIER = com.alenailyenko.LDU;
				PRODUCT_NAME = "$(TARGET_NAME)";
				SDKROOT = iphoneos;
				SWIFT_VERSION = 3.0;
			};
			name = Debug;
		};
		552BF90F1DA196D7008D5317 /* Release */ = {
			isa = XCBuildConfiguration;
			baseConfigurationReference = ACF6DE155D0EE0A646F3CBE8 /* Pods-LetsDoItUkraine.release.xcconfig */;
			buildSettings = {
				ALWAYS_EMBED_SWIFT_STANDARD_LIBRARIES = YES;
				ASSETCATALOG_COMPILER_APPICON_NAME = AppIcon;
				"CODE_SIGN_IDENTITY[sdk=iphoneos*]" = "iPhone Developer";
				DEVELOPMENT_TEAM = 52X9L8BRXX;
				FRAMEWORK_SEARCH_PATHS = (
					"$(inherited)",
					"$(PROJECT_DIR)",
				);
				INFOPLIST_FILE = LetsDoItUkraine/Info.plist;
				IPHONEOS_DEPLOYMENT_TARGET = 9.0;
				LD_RUNPATH_SEARCH_PATHS = "$(inherited) @executable_path/Frameworks";
				PRODUCT_BUNDLE_IDENTIFIER = com.alenailyenko.LDU;
				PRODUCT_NAME = "$(TARGET_NAME)";
				SDKROOT = iphoneos;
				SWIFT_VERSION = 3.0;
			};
			name = Release;
		};
/* End XCBuildConfiguration section */

/* Begin XCConfigurationList section */
		552BF8F41DA196D7008D5317 /* Build configuration list for PBXProject "LetsDoItUkraine" */ = {
			isa = XCConfigurationList;
			buildConfigurations = (
				552BF90B1DA196D7008D5317 /* Debug */,
				552BF90C1DA196D7008D5317 /* Release */,
			);
			defaultConfigurationIsVisible = 0;
			defaultConfigurationName = Release;
		};
		552BF90D1DA196D7008D5317 /* Build configuration list for PBXNativeTarget "LetsDoItUkraine" */ = {
			isa = XCConfigurationList;
			buildConfigurations = (
				552BF90E1DA196D7008D5317 /* Debug */,
				552BF90F1DA196D7008D5317 /* Release */,
			);
			defaultConfigurationIsVisible = 0;
			defaultConfigurationName = Release;
		};
/* End XCConfigurationList section */
	};
	rootObject = 552BF8F11DA196D7008D5317 /* Project object */;
}
